
Microsoft Visual Studio Solution File, Format Version 12.00
# Visual Studio Version 16
VisualStudioVersion = 16.0.30611.23
MinimumVisualStudioVersion = 10.0.40219.1
Project("{FAE04EC0-301F-11D3-BF4B-00C04F79EFBC}") = "GameServer", "GameServer\GameServer.csproj", "{1AC562E8-D41D-4A6A-9978-2FC93A781B43}"
EndProject
Global
	GlobalSection(SolutionConfigurationPlatforms) = preSolution
		Debug|Any CPU = Debug|Any CPU
		Release|Any CPU = Release|Any CPU
	EndGlobalSection
	GlobalSection(ProjectConfigurationPlatforms) = postSolution
		{1AC562E8-D41D-4A6A-9978-2FC93A781B43}.Debug|Any CPU.ActiveCfg = Debug|Any CPU
		{1AC562E8-D41D-4A6A-9978-2FC93A781B43}.Debug|Any CPU.Build.0 = Debug|Any CPU
		{1AC562E8-D41D-4A6A-9978-2FC93A781B43}.Release|Any CPU.ActiveCfg = Release|Any CPU
		{1AC562E8-D41D-4A6A-9978-2FC93A781B43}.Release|Any CPU.Build.0 = Release|Any CPU
	EndGlobalSection
	GlobalSection(SolutionProperties) = preSolution
		HideSolutionNode = FALSE
	EndGlobalSection
	GlobalSection(ExtensibilityGlobals) = postSolution
		SolutionGuid = {D88E97DC-C7E9-418F-AE2D-CF37775E8B62}
	EndGlobalSection
EndGlobal
